
Microsoft Visual Studio Solution File, Format Version 12.00
# Visual Studio Version 16
VisualStudioVersion = 16.0.31112.23
MinimumVisualStudioVersion = 10.0.40219.1
Project("{FAE04EC0-301F-11D3-BF4B-00C04F79EFBC}") = "WebSites", "WebSites\WebSites.csproj", "{05080159-F09C-4F22-A32B-D5035E996B5A}"
EndProject
Project("{F184B08F-C81C-45F6-A57F-5ABD9991F28F}") = "AccesoDatos", "AccesoDatos\AccesoDatos.vbproj", "{E31E4665-DA12-42AC-8647-B92FD04B7E22}"
EndProject
Project("{F184B08F-C81C-45F6-A57F-5ABD9991F28F}") = "bussinessLayer", "bussinessLayer\bussinessLayer.vbproj", "{F3D80FBB-6C52-4E95-AB62-C75342ED860F}"
EndProject
Project("{FAE04EC0-301F-11D3-BF4B-00C04F79EFBC}") = "Common", "Common\Common.csproj", "{D616CCAE-7739-4DFF-B920-3B63C3C5CF28}"
EndProject
Project("{FAE04EC0-301F-11D3-BF4B-00C04F79EFBC}") = "CommonTests", "CommonTests\CommonTests.csproj", "{161A84D1-163F-453B-984E-38D2C0CB1CB5}"
EndProject
Project("{FAE04EC0-301F-11D3-BF4B-00C04F79EFBC}") = "GMT_Sfe", "GMT_Sfe\GMT_Sfe.csproj", "{14D58E3C-5454-40A2-8619-2D8BC9EAC857}"
EndProject
Global
	GlobalSection(SolutionConfigurationPlatforms) = preSolution
		Debug|Any CPU = Debug|Any CPU
		Release|Any CPU = Release|Any CPU
	EndGlobalSection
	GlobalSection(ProjectConfigurationPlatforms) = postSolution
		{05080159-F09C-4F22-A32B-D5035E996B5A}.Debug|Any CPU.ActiveCfg = Debug|Any CPU
		{05080159-F09C-4F22-A32B-D5035E996B5A}.Debug|Any CPU.Build.0 = Debug|Any CPU
		{05080159-F09C-4F22-A32B-D5035E996B5A}.Release|Any CPU.ActiveCfg = Release|Any CPU
		{05080159-F09C-4F22-A32B-D5035E996B5A}.Release|Any CPU.Build.0 = Release|Any CPU
		{E31E4665-DA12-42AC-8647-B92FD04B7E22}.Debug|Any CPU.ActiveCfg = Debug|Any CPU
		{E31E4665-DA12-42AC-8647-B92FD04B7E22}.Debug|Any CPU.Build.0 = Debug|Any CPU
		{E31E4665-DA12-42AC-8647-B92FD04B7E22}.Release|Any CPU.ActiveCfg = Release|Any CPU
		{E31E4665-DA12-42AC-8647-B92FD04B7E22}.Release|Any CPU.Build.0 = Release|Any CPU
		{F3D80FBB-6C52-4E95-AB62-C75342ED860F}.Debug|Any CPU.ActiveCfg = Debug|Any CPU
		{F3D80FBB-6C52-4E95-AB62-C75342ED860F}.Debug|Any CPU.Build.0 = Debug|Any CPU
		{F3D80FBB-6C52-4E95-AB62-C75342ED860F}.Release|Any CPU.ActiveCfg = Release|Any CPU
		{F3D80FBB-6C52-4E95-AB62-C75342ED860F}.Release|Any CPU.Build.0 = Release|Any CPU
		{D616CCAE-7739-4DFF-B920-3B63C3C5CF28}.Debug|Any CPU.ActiveCfg = Debug|Any CPU
		{D616CCAE-7739-4DFF-B920-3B63C3C5CF28}.Debug|Any CPU.Build.0 = Debug|Any CPU
		{D616CCAE-7739-4DFF-B920-3B63C3C5CF28}.Release|Any CPU.ActiveCfg = Release|Any CPU
		{D616CCAE-7739-4DFF-B920-3B63C3C5CF28}.Release|Any CPU.Build.0 = Release|Any CPU
		{161A84D1-163F-453B-984E-38D2C0CB1CB5}.Debug|Any CPU.ActiveCfg = Debug|Any CPU
		{161A84D1-163F-453B-984E-38D2C0CB1CB5}.Debug|Any CPU.Build.0 = Debug|Any CPU
		{161A84D1-163F-453B-984E-38D2C0CB1CB5}.Release|Any CPU.ActiveCfg = Release|Any CPU
		{161A84D1-163F-453B-984E-38D2C0CB1CB5}.Release|Any CPU.Build.0 = Release|Any CPU
		{14D58E3C-5454-40A2-8619-2D8BC9EAC857}.Debug|Any CPU.ActiveCfg = Debug|Any CPU
		{14D58E3C-5454-40A2-8619-2D8BC9EAC857}.Debug|Any CPU.Build.0 = Debug|Any CPU
		{14D58E3C-5454-40A2-8619-2D8BC9EAC857}.Release|Any CPU.ActiveCfg = Release|Any CPU
		{14D58E3C-5454-40A2-8619-2D8BC9EAC857}.Release|Any CPU.Build.0 = Release|Any CPU
	EndGlobalSection
	GlobalSection(SolutionProperties) = preSolution
		HideSolutionNode = FALSE
	EndGlobalSection
	GlobalSection(ExtensibilityGlobals) = postSolution
		SolutionGuid = {A5B8CEF4-66DD-46BE-9174-E092FA752A4F}
	EndGlobalSection
EndGlobal
