
Microsoft Visual Studio Solution File, Format Version 12.00
# Visual Studio Version 16
VisualStudioVersion = 16.0.31112.23
MinimumVisualStudioVersion = 10.0.40219.1
Project("{FAE04EC0-301F-11D3-BF4B-00C04F79EFBC}") = "WebSites", "WebSites\WebSites.csproj", "{05080159-F09C-4F22-A32B-D5035E996B5A}"
EndProject
Project("{F184B08F-C81C-45F6-A57F-5ABD9991F28F}") = "AccesoDatos", "AccesoDatos\AccesoDatos.vbproj", "{E31E4665-DA12-42AC-8647-B92FD04B7E22}"
EndProject
Project("{F184B08F-C81C-45F6-A57F-5ABD9991F28F}") = "bussinessLayer", "bussinessLayer\bussinessLayer.vbproj", "{F3D80FBB-6C52-4E95-AB62-C75342ED860F}"
EndProject
Project("{FAE04EC0-301F-11D3-BF4B-00C04F79EFBC}") = "Common", "Common\Common.csproj", "{D616CCAE-7739-4DFF-B920-3B63C3C5CF28}"
EndProject
Project("{FAE04EC0-301F-11D3-BF4B-00C04F79EFBC}") = "CommonTests", "CommonTests\CommonTests.csproj", "{161A84D1-163F-453B-984E-38D2C0CB1CB5}"
EndProject
Project("{FAE04EC0-301F-11D3-BF4B-00C04F79EFBC}") = "GMT_Sfe", "GMT_Sfe\GMT_Sfe.csproj", "{14D58E3C-5454-40A2-8619-2D8BC9EAC857}"
EndProject
Project("{2150E333-8FDC-42A3-9474-1A3956D46DE8}") = "Store Procedures", "Store Procedures", "{5C0C4E81-8A40-4557-B85E-85DCDE5097D3}"
	ProjectSection(SolutionItems) = preProject
		..\DataBase\StoreProcedures\dbo.SP_ActualizarInfVenta.StoredProcedure.sql = ..\DataBase\StoreProcedures\dbo.SP_ActualizarInfVenta.StoredProcedure.sql
		..\DataBase\StoreProcedures\dbo.SP_ActualizarStock.StoredProcedure.sql = ..\DataBase\StoreProcedures\dbo.SP_ActualizarStock.StoredProcedure.sql
		..\DataBase\StoreProcedures\dbo.sp_ActualizarStockByAnulacion.StoredProcedure.sql = ..\DataBase\StoreProcedures\dbo.sp_ActualizarStockByAnulacion.StoredProcedure.sql
		..\DataBase\StoreProcedures\dbo.SP_ActualizarUsuario.StoredProcedure.sql = ..\DataBase\StoreProcedures\dbo.SP_ActualizarUsuario.StoredProcedure.sql
		..\DataBase\StoreProcedures\dbo.SP_EditarRegistroIngresoInventario.StoredProcedure.sql = ..\DataBase\StoreProcedures\dbo.SP_EditarRegistroIngresoInventario.StoredProcedure.sql
		..\DataBase\StoreProcedures\dbo.SP_GenerarRegistroDetIngresoInventario.StoredProcedure.sql = ..\DataBase\StoreProcedures\dbo.SP_GenerarRegistroDetIngresoInventario.StoredProcedure.sql
		..\DataBase\StoreProcedures\dbo.SP_GenerarRegistroDetSalidaInventario.StoredProcedure.sql = ..\DataBase\StoreProcedures\dbo.SP_GenerarRegistroDetSalidaInventario.StoredProcedure.sql
		..\DataBase\StoreProcedures\dbo.SP_GenerarRegistroGrupo.StoredProcedure.sql = ..\DataBase\StoreProcedures\dbo.SP_GenerarRegistroGrupo.StoredProcedure.sql
		..\DataBase\StoreProcedures\dbo.SP_GenerarRegistroIngresoInventario.StoredProcedure.sql = ..\DataBase\StoreProcedures\dbo.SP_GenerarRegistroIngresoInventario.StoredProcedure.sql
		..\DataBase\StoreProcedures\dbo.SP_GenerarRegistroSalidaInventario.StoredProcedure.sql = ..\DataBase\StoreProcedures\dbo.SP_GenerarRegistroSalidaInventario.StoredProcedure.sql
		..\DataBase\StoreProcedures\dbo.SP_GetIngresosStockByProducto.StoredProcedure.sql = ..\DataBase\StoreProcedures\dbo.SP_GetIngresosStockByProducto.StoredProcedure.sql
		..\DataBase\StoreProcedures\dbo.SP_GetNumeroLoteIngresoStock.StoredProcedure.sql = ..\DataBase\StoreProcedures\dbo.SP_GetNumeroLoteIngresoStock.StoredProcedure.sql
		..\DataBase\StoreProcedures\dbo.SP_GetNumeroLoteSalidaStock.StoredProcedure.sql = ..\DataBase\StoreProcedures\dbo.SP_GetNumeroLoteSalidaStock.StoredProcedure.sql
		..\DataBase\StoreProcedures\dbo.SP_GetProductosAgrupados.StoredProcedure.sql = ..\DataBase\StoreProcedures\dbo.SP_GetProductosAgrupados.StoredProcedure.sql
		..\DataBase\StoreProcedures\dbo.SP_GetProductosPrincipalesForGrupo.StoredProcedure.sql = ..\DataBase\StoreProcedures\dbo.SP_GetProductosPrincipalesForGrupo.StoredProcedure.sql
		..\DataBase\StoreProcedures\dbo.SP_GetProductosSinGrupo.StoredProcedure.sql = ..\DataBase\StoreProcedures\dbo.SP_GetProductosSinGrupo.StoredProcedure.sql
		..\DataBase\StoreProcedures\dbo.SP_GetReporteConsolidado.StoredProcedure.sql = ..\DataBase\StoreProcedures\dbo.SP_GetReporteConsolidado.StoredProcedure.sql
		..\DataBase\StoreProcedures\dbo.SP_GetStockActualByProducto.StoredProcedure.sql = ..\DataBase\StoreProcedures\dbo.SP_GetStockActualByProducto.StoredProcedure.sql
		..\DataBase\StoreProcedures\dbo.sp_gp_actualizarDatosCaja.StoredProcedure.sql = ..\DataBase\StoreProcedures\dbo.sp_gp_actualizarDatosCaja.StoredProcedure.sql
		..\DataBase\StoreProcedures\dbo.sp_gp_actualizarDatosProductoMant.StoredProcedure.sql = ..\DataBase\StoreProcedures\dbo.sp_gp_actualizarDatosProductoMant.StoredProcedure.sql
		..\DataBase\StoreProcedures\dbo.sp_gp_actualizarItemOrden.StoredProcedure.sql = ..\DataBase\StoreProcedures\dbo.sp_gp_actualizarItemOrden.StoredProcedure.sql
		..\DataBase\StoreProcedures\dbo.sp_gp_actualizarItems.StoredProcedure.sql = ..\DataBase\StoreProcedures\dbo.sp_gp_actualizarItems.StoredProcedure.sql
		..\DataBase\StoreProcedures\dbo.sp_gp_actualizarRefDocumento.StoredProcedure.sql = ..\DataBase\StoreProcedures\dbo.sp_gp_actualizarRefDocumento.StoredProcedure.sql
		..\DataBase\StoreProcedures\dbo.sp_gp_actualizarReimpresionDocu.StoredProcedure.sql = ..\DataBase\StoreProcedures\dbo.sp_gp_actualizarReimpresionDocu.StoredProcedure.sql
		..\DataBase\StoreProcedures\dbo.sp_gp_actualizaSerieDocumento.StoredProcedure.sql = ..\DataBase\StoreProcedures\dbo.sp_gp_actualizaSerieDocumento.StoredProcedure.sql
		..\DataBase\StoreProcedures\dbo.sp_gp_anularDocumentoCli.StoredProcedure.sql = ..\DataBase\StoreProcedures\dbo.sp_gp_anularDocumentoCli.StoredProcedure.sql
		..\DataBase\StoreProcedures\dbo.sp_gp_anularOrdenPedido.StoredProcedure.sql = ..\DataBase\StoreProcedures\dbo.sp_gp_anularOrdenPedido.StoredProcedure.sql
		..\DataBase\StoreProcedures\dbo.sp_gp_cargarDatosCaja.StoredProcedure.sql = ..\DataBase\StoreProcedures\dbo.sp_gp_cargarDatosCaja.StoredProcedure.sql
		..\DataBase\StoreProcedures\dbo.sp_gp_cargarTmpPedidosAdic.StoredProcedure.sql = ..\DataBase\StoreProcedures\dbo.sp_gp_cargarTmpPedidosAdic.StoredProcedure.sql
		..\DataBase\StoreProcedures\dbo.sp_gp_eliminaTmpPedidosAdic.StoredProcedure.sql = ..\DataBase\StoreProcedures\dbo.sp_gp_eliminaTmpPedidosAdic.StoredProcedure.sql
		..\DataBase\StoreProcedures\dbo.sp_gp_generaComprobantePago.StoredProcedure.sql = ..\DataBase\StoreProcedures\dbo.sp_gp_generaComprobantePago.StoredProcedure.sql
		..\DataBase\StoreProcedures\dbo.sp_gp_generarAperturaCaja.StoredProcedure.sql = ..\DataBase\StoreProcedures\dbo.sp_gp_generarAperturaCaja.StoredProcedure.sql
		..\DataBase\StoreProcedures\dbo.sp_gp_generarOrdenCabecera.StoredProcedure.sql = ..\DataBase\StoreProcedures\dbo.sp_gp_generarOrdenCabecera.StoredProcedure.sql
		..\DataBase\StoreProcedures\dbo.sp_gp_generarOrdenDet.StoredProcedure.sql = ..\DataBase\StoreProcedures\dbo.sp_gp_generarOrdenDet.StoredProcedure.sql
		..\DataBase\StoreProcedures\dbo.sp_gp_generarPreCuenta.StoredProcedure.sql = ..\DataBase\StoreProcedures\dbo.sp_gp_generarPreCuenta.StoredProcedure.sql
		..\DataBase\StoreProcedures\dbo.sp_gp_genereReporteVentasxFecha.StoredProcedure.sql = ..\DataBase\StoreProcedures\dbo.sp_gp_genereReporteVentasxFecha.StoredProcedure.sql
		..\DataBase\StoreProcedures\dbo.sp_gp_GetProductosIngresoStock.StoredProcedure.sql = ..\DataBase\StoreProcedures\dbo.sp_gp_GetProductosIngresoStock.StoredProcedure.sql
		..\DataBase\StoreProcedures\dbo.sp_gp_GetProductosSalidaStock.StoredProcedure.sql = ..\DataBase\StoreProcedures\dbo.sp_gp_GetProductosSalidaStock.StoredProcedure.sql
		..\DataBase\StoreProcedures\dbo.sp_gp_grabarDatosProductoMant.StoredProcedure.sql = ..\DataBase\StoreProcedures\dbo.sp_gp_grabarDatosProductoMant.StoredProcedure.sql
		..\DataBase\StoreProcedures\dbo.sp_gp_listadoOrdenesDivididasxPagar.StoredProcedure.sql = ..\DataBase\StoreProcedures\dbo.sp_gp_listadoOrdenesDivididasxPagar.StoredProcedure.sql
		..\DataBase\StoreProcedures\dbo.sp_gp_listadoOrdenesLLevarxPagar.StoredProcedure.sql = ..\DataBase\StoreProcedures\dbo.sp_gp_listadoOrdenesLLevarxPagar.StoredProcedure.sql
		..\DataBase\StoreProcedures\dbo.sp_gp_listadoOrdenesxPagar.StoredProcedure.sql = ..\DataBase\StoreProcedures\dbo.sp_gp_listadoOrdenesxPagar.StoredProcedure.sql
		..\DataBase\StoreProcedures\dbo.sp_gp_listadoOrdenesxPagar_v2.StoredProcedure.sql = ..\DataBase\StoreProcedures\dbo.sp_gp_listadoOrdenesxPagar_v2.StoredProcedure.sql
		..\DataBase\StoreProcedures\dbo.sp_gp_listadoOrdenesxUsuario.StoredProcedure.sql = ..\DataBase\StoreProcedures\dbo.sp_gp_listadoOrdenesxUsuario.StoredProcedure.sql
		..\DataBase\StoreProcedures\dbo.sp_gp_obtenerCajasAbiertas.StoredProcedure.sql = ..\DataBase\StoreProcedures\dbo.sp_gp_obtenerCajasAbiertas.StoredProcedure.sql
		..\DataBase\StoreProcedures\dbo.sp_gp_obtenerCajasAbiertasxMovCaja.StoredProcedure.sql = ..\DataBase\StoreProcedures\dbo.sp_gp_obtenerCajasAbiertasxMovCaja.StoredProcedure.sql
		..\DataBase\StoreProcedures\dbo.sp_gp_obtenerDataCategorias.StoredProcedure.sql = ..\DataBase\StoreProcedures\dbo.sp_gp_obtenerDataCategorias.StoredProcedure.sql
		..\DataBase\StoreProcedures\dbo.sp_gp_obtenerDataProductoBusqueda.StoredProcedure.sql = ..\DataBase\StoreProcedures\dbo.sp_gp_obtenerDataProductoBusqueda.StoredProcedure.sql
		..\DataBase\StoreProcedures\dbo.sp_gp_obtenerDataSCategorias.StoredProcedure.sql = ..\DataBase\StoreProcedures\dbo.sp_gp_obtenerDataSCategorias.StoredProcedure.sql
		..\DataBase\StoreProcedures\dbo.sp_gp_obtenerDatosDocumento.StoredProcedure.sql = ..\DataBase\StoreProcedures\dbo.sp_gp_obtenerDatosDocumento.StoredProcedure.sql
		..\DataBase\StoreProcedures\dbo.sp_gp_obtenerDatosDocumentoCli.StoredProcedure.sql = ..\DataBase\StoreProcedures\dbo.sp_gp_obtenerDatosDocumentoCli.StoredProcedure.sql
		..\DataBase\StoreProcedures\dbo.sp_gp_obtenerDatosMesasDetalle.StoredProcedure.sql = ..\DataBase\StoreProcedures\dbo.sp_gp_obtenerDatosMesasDetalle.StoredProcedure.sql
		..\DataBase\StoreProcedures\dbo.sp_gp_obtenerDatosProducto.StoredProcedure.sql = ..\DataBase\StoreProcedures\dbo.sp_gp_obtenerDatosProducto.StoredProcedure.sql
		..\DataBase\StoreProcedures\dbo.sp_gp_obtenerDatosProveedorSunat.StoredProcedure.sql = ..\DataBase\StoreProcedures\dbo.sp_gp_obtenerDatosProveedorSunat.StoredProcedure.sql
		..\DataBase\StoreProcedures\dbo.sp_gp_obtenerDatosRuc.StoredProcedure.sql = ..\DataBase\StoreProcedures\dbo.sp_gp_obtenerDatosRuc.StoredProcedure.sql
		..\DataBase\StoreProcedures\dbo.sp_gp_obtenerDetalleOrdenId.StoredProcedure.sql = ..\DataBase\StoreProcedures\dbo.sp_gp_obtenerDetalleOrdenId.StoredProcedure.sql
		..\DataBase\StoreProcedures\dbo.sp_gp_obtenerEstadoMesas.StoredProcedure.sql = ..\DataBase\StoreProcedures\dbo.sp_gp_obtenerEstadoMesas.StoredProcedure.sql
		..\DataBase\StoreProcedures\dbo.sp_gp_obtenerMenuCarta.StoredProcedure.sql = ..\DataBase\StoreProcedures\dbo.sp_gp_obtenerMenuCarta.StoredProcedure.sql
		..\DataBase\StoreProcedures\dbo.sp_gp_obtenerMesasPendientes.StoredProcedure.sql = ..\DataBase\StoreProcedures\dbo.sp_gp_obtenerMesasPendientes.StoredProcedure.sql
		..\DataBase\StoreProcedures\dbo.sp_gp_obtenerProductos.StoredProcedure.sql = ..\DataBase\StoreProcedures\dbo.sp_gp_obtenerProductos.StoredProcedure.sql
		..\DataBase\StoreProcedures\dbo.sp_gp_obtenerProductos_2.StoredProcedure.sql = ..\DataBase\StoreProcedures\dbo.sp_gp_obtenerProductos_2.StoredProcedure.sql
		..\DataBase\StoreProcedures\dbo.sp_gp_obtenerProductosxBusqueda.StoredProcedure.sql = ..\DataBase\StoreProcedures\dbo.sp_gp_obtenerProductosxBusqueda.StoredProcedure.sql
		..\DataBase\StoreProcedures\dbo.sp_gp_obtenerReImpresionComanda.StoredProcedure.sql = ..\DataBase\StoreProcedures\dbo.sp_gp_obtenerReImpresionComanda.StoredProcedure.sql
		..\DataBase\StoreProcedures\dbo.sp_gp_obtenerRespuesta_SUNAT.StoredProcedure.sql = ..\DataBase\StoreProcedures\dbo.sp_gp_obtenerRespuesta_SUNAT.StoredProcedure.sql
		..\DataBase\StoreProcedures\dbo.sp_gp_obtenerRespuestaComBaja_SUNAT.StoredProcedure.sql = ..\DataBase\StoreProcedures\dbo.sp_gp_obtenerRespuestaComBaja_SUNAT.StoredProcedure.sql
		..\DataBase\StoreProcedures\dbo.sp_gp_obtenerSerieDocumento.StoredProcedure.sql = ..\DataBase\StoreProcedures\dbo.sp_gp_obtenerSerieDocumento.StoredProcedure.sql
		..\DataBase\StoreProcedures\dbo.sp_gp_obtenerValoresArqueoCierreCaja.StoredProcedure.sql = ..\DataBase\StoreProcedures\dbo.sp_gp_obtenerValoresArqueoCierreCaja.StoredProcedure.sql
		..\DataBase\StoreProcedures\dbo.sp_gp_obtenerValoresArqueoPrevioCaja.StoredProcedure.sql = ..\DataBase\StoreProcedures\dbo.sp_gp_obtenerValoresArqueoPrevioCaja.StoredProcedure.sql
		..\DataBase\StoreProcedures\dbo.sp_gp_recuperarUltimaVistaProducto.StoredProcedure.sql = ..\DataBase\StoreProcedures\dbo.sp_gp_recuperarUltimaVistaProducto.StoredProcedure.sql
		..\DataBase\StoreProcedures\dbo.sp_gp_registrar_categoria.StoredProcedure.sql = ..\DataBase\StoreProcedures\dbo.sp_gp_registrar_categoria.StoredProcedure.sql
		..\DataBase\StoreProcedures\dbo.sp_gp_registrar_subcategoria.StoredProcedure.sql = ..\DataBase\StoreProcedures\dbo.sp_gp_registrar_subcategoria.StoredProcedure.sql
		..\DataBase\StoreProcedures\dbo.sp_gp_reporte_reporte_caja.StoredProcedure.sql = ..\DataBase\StoreProcedures\dbo.sp_gp_reporte_reporte_caja.StoredProcedure.sql
		..\DataBase\StoreProcedures\dbo.sp_gp_reporte_reporte_productos_anulados.StoredProcedure.sql = ..\DataBase\StoreProcedures\dbo.sp_gp_reporte_reporte_productos_anulados.StoredProcedure.sql
		..\DataBase\StoreProcedures\dbo.sp_gp_reporte_reporte_productos_mas_vendidos.StoredProcedure.sql = ..\DataBase\StoreProcedures\dbo.sp_gp_reporte_reporte_productos_mas_vendidos.StoredProcedure.sql
		..\DataBase\StoreProcedures\dbo.sp_gp_reporte_reporte_productos_vendidos.StoredProcedure.sql = ..\DataBase\StoreProcedures\dbo.sp_gp_reporte_reporte_productos_vendidos.StoredProcedure.sql
		..\DataBase\StoreProcedures\dbo.sp_gp_reporte_reporte_x_mesero.StoredProcedure.sql = ..\DataBase\StoreProcedures\dbo.sp_gp_reporte_reporte_x_mesero.StoredProcedure.sql
		..\DataBase\StoreProcedures\dbo.sp_gp_validarCajaAperturada.StoredProcedure.sql = ..\DataBase\StoreProcedures\dbo.sp_gp_validarCajaAperturada.StoredProcedure.sql
		..\DataBase\StoreProcedures\dbo.sp_gp_verificarLogin.StoredProcedure.sql = ..\DataBase\StoreProcedures\dbo.sp_gp_verificarLogin.StoredProcedure.sql
		..\DataBase\StoreProcedures\dbo.sp_gp_verificarMesero.StoredProcedure.sql = ..\DataBase\StoreProcedures\dbo.sp_gp_verificarMesero.StoredProcedure.sql
		..\DataBase\StoreProcedures\dbo.SP_IngresoStockAgrupacion.StoredProcedure.sql = ..\DataBase\StoreProcedures\dbo.SP_IngresoStockAgrupacion.StoredProcedure.sql
		..\DataBase\StoreProcedures\dbo.SP_MostrarDetalleProductoSalidaStock.StoredProcedure.sql = ..\DataBase\StoreProcedures\dbo.SP_MostrarDetalleProductoSalidaStock.StoredProcedure.sql
		..\DataBase\StoreProcedures\dbo.sp_ObtenerIdProductoByRegresoStock.StoredProcedure.sql = ..\DataBase\StoreProcedures\dbo.sp_ObtenerIdProductoByRegresoStock.StoredProcedure.sql
		..\DataBase\StoreProcedures\dbo.SP_ObtenerRoles.StoredProcedure.sql = ..\DataBase\StoreProcedures\dbo.SP_ObtenerRoles.StoredProcedure.sql
		..\DataBase\StoreProcedures\dbo.SP_ObtenerUsuarios.StoredProcedure.sql = ..\DataBase\StoreProcedures\dbo.SP_ObtenerUsuarios.StoredProcedure.sql
		..\DataBase\StoreProcedures\dbo.SP_RegistrarUsuario.StoredProcedure.sql = ..\DataBase\StoreProcedures\dbo.SP_RegistrarUsuario.StoredProcedure.sql
		..\DataBase\StoreProcedures\dbo.SP_SalidaStockAgrupacion.StoredProcedure.sql = ..\DataBase\StoreProcedures\dbo.SP_SalidaStockAgrupacion.StoredProcedure.sql
		..\DataBase\StoreProcedures\dbo.up_Obtener_Informacion_Stock.StoredProcedure.sql = ..\DataBase\StoreProcedures\dbo.up_Obtener_Informacion_Stock.StoredProcedure.sql
	EndProjectSection
EndProject
Global
	GlobalSection(SolutionConfigurationPlatforms) = preSolution
		Debug|Any CPU = Debug|Any CPU
		Release|Any CPU = Release|Any CPU
	EndGlobalSection
	GlobalSection(ProjectConfigurationPlatforms) = postSolution
		{05080159-F09C-4F22-A32B-D5035E996B5A}.Debug|Any CPU.ActiveCfg = Debug|Any CPU
		{05080159-F09C-4F22-A32B-D5035E996B5A}.Debug|Any CPU.Build.0 = Debug|Any CPU
		{05080159-F09C-4F22-A32B-D5035E996B5A}.Release|Any CPU.ActiveCfg = Release|Any CPU
		{05080159-F09C-4F22-A32B-D5035E996B5A}.Release|Any CPU.Build.0 = Release|Any CPU
		{E31E4665-DA12-42AC-8647-B92FD04B7E22}.Debug|Any CPU.ActiveCfg = Debug|Any CPU
		{E31E4665-DA12-42AC-8647-B92FD04B7E22}.Debug|Any CPU.Build.0 = Debug|Any CPU
		{E31E4665-DA12-42AC-8647-B92FD04B7E22}.Release|Any CPU.ActiveCfg = Release|Any CPU
		{E31E4665-DA12-42AC-8647-B92FD04B7E22}.Release|Any CPU.Build.0 = Release|Any CPU
		{F3D80FBB-6C52-4E95-AB62-C75342ED860F}.Debug|Any CPU.ActiveCfg = Debug|Any CPU
		{F3D80FBB-6C52-4E95-AB62-C75342ED860F}.Debug|Any CPU.Build.0 = Debug|Any CPU
		{F3D80FBB-6C52-4E95-AB62-C75342ED860F}.Release|Any CPU.ActiveCfg = Release|Any CPU
		{F3D80FBB-6C52-4E95-AB62-C75342ED860F}.Release|Any CPU.Build.0 = Release|Any CPU
		{D616CCAE-7739-4DFF-B920-3B63C3C5CF28}.Debug|Any CPU.ActiveCfg = Debug|Any CPU
		{D616CCAE-7739-4DFF-B920-3B63C3C5CF28}.Debug|Any CPU.Build.0 = Debug|Any CPU
		{D616CCAE-7739-4DFF-B920-3B63C3C5CF28}.Release|Any CPU.ActiveCfg = Release|Any CPU
		{D616CCAE-7739-4DFF-B920-3B63C3C5CF28}.Release|Any CPU.Build.0 = Release|Any CPU
		{161A84D1-163F-453B-984E-38D2C0CB1CB5}.Debug|Any CPU.ActiveCfg = Debug|Any CPU
		{161A84D1-163F-453B-984E-38D2C0CB1CB5}.Debug|Any CPU.Build.0 = Debug|Any CPU
		{161A84D1-163F-453B-984E-38D2C0CB1CB5}.Release|Any CPU.ActiveCfg = Release|Any CPU
		{161A84D1-163F-453B-984E-38D2C0CB1CB5}.Release|Any CPU.Build.0 = Release|Any CPU
		{14D58E3C-5454-40A2-8619-2D8BC9EAC857}.Debug|Any CPU.ActiveCfg = Debug|Any CPU
		{14D58E3C-5454-40A2-8619-2D8BC9EAC857}.Debug|Any CPU.Build.0 = Debug|Any CPU
		{14D58E3C-5454-40A2-8619-2D8BC9EAC857}.Release|Any CPU.ActiveCfg = Release|Any CPU
		{14D58E3C-5454-40A2-8619-2D8BC9EAC857}.Release|Any CPU.Build.0 = Release|Any CPU
	EndGlobalSection
	GlobalSection(SolutionProperties) = preSolution
		HideSolutionNode = FALSE
	EndGlobalSection
	GlobalSection(ExtensibilityGlobals) = postSolution
		SolutionGuid = {A5B8CEF4-66DD-46BE-9174-E092FA752A4F}
	EndGlobalSection
EndGlobal
